{
  "name": "miraculous-hub",
  "version": "1.0.0",
  "lockfileVersion": 3,
  "requires": true,
  "packages": {
    "": {
      "name": "miraculous-hub",
      "version": "1.0.0",
      "dependencies": {
        "shaka-player": "^5.2.11"
      },
      "engines": {
        "node": ">=18"
      }
    },
    "node_modules/shaka-player": {
      "version": "5.2.11",
      "resolved": "https://registry.npmjs.org/shaka-player/-/shaka-player-5.2.11.tgz",
      "integrity": "sha512-C9WvYtH5cWKBCUXWFzbKWcgMYSRviGPd+1WWYjS55dXGHyMHeD5mub3vvjOzX2Q6o/bu4N5xlXOnVeg9ajp+Sw==",
      "license": "Apache-2.0",
      "engines": {
        "node": ">=18"
      }
    }
  }
}
